// !$*UTF8*$!
{
	archiveVersion = 1;
	classes = {
	};
	objectVersion = 77;
	objects = {

/* Begin PBXContainerItemProxy section */
		B70A36122CB65CA100B0B666 /* PBXContainerItemProxy */ = {
			isa = PBXContainerItemProxy;
			containerPortal = B70A35F92CB65C9E00B0B666 /* Project object */;
			proxyType = 1;
			remoteGlobalIDString = B70A36002CB65C9E00B0B666;
			remoteInfo = LifeLink;
		};
		B70A361C2CB65CA100B0B666 /* PBXContainerItemProxy */ = {
			isa = PBXContainerItemProxy;
			containerPortal = B70A35F92CB65C9E00B0B666 /* Project object */;
			proxyType = 1;
			remoteGlobalIDString = B70A36002CB65C9E00B0B666;
			remoteInfo = LifeLink;
		};
/* End PBXContainerItemProxy section */

/* Begin PBXFileReference section */
		B70A36012CB65C9E00B0B666 /* LifeLink.app */ = {isa = PBXFileReference; explicitFileType = wrapper.application; includeInIndex = 0; path = LifeLink.app; sourceTree = BUILT_PRODUCTS_DIR; };
		B70A36112CB65CA100B0B666 /* LifeLinkTests.xctest */ = {isa = PBXFileReference; explicitFileType = wrapper.cfbundle; includeInIndex = 0; path = LifeLinkTests.xctest; sourceTree = BUILT_PRODUCTS_DIR; };
		B70A361B2CB65CA100B0B666 /* LifeLinkUITests.xctest */ = {isa = PBXFileReference; explicitFileType = wrapper.cfbundle; includeInIndex = 0; path = LifeLinkUITests.xctest; sourceTree = BUILT_PRODUCTS_DIR; };
/* End PBXFileReference section */

/* Begin PBXFileSystemSynchronizedRootGroup section */
		B70A36032CB65C9E00B0B666 /* LifeLink */ = {
			isa = PBXFileSystemSynchronizedRootGroup;
			path = LifeLink;
			sourceTree = "<group>";
		};
		B70A36142CB65CA100B0B666 /* LifeLinkTests */ = {
			isa = PBXFileSystemSynchronizedRootGroup;
			path = LifeLinkTests;
			sourceTree = "<group>";
		};
		B70A361E2CB65CA100B0B666 /* LifeLinkUITests */ = {
			isa = PBXFileSystemSynchronizedRootGroup;
			path = LifeLinkUITests;
			sourceTree = "<group>";
		};
/* End PBXFileSystemSynchronizedRootGroup section */

/* Begin PBXFrameworksBuildPhase section */
		B70A35FE2CB65C9E00B0B666 /* Frameworks */ = {
			isa = PBXFrameworksBuildPhase;
			buildActionMask = 2147483647;
			files = (
			);
			runOnlyForDeploymentPostprocessing = 0;
		};
		B70A360E2CB65CA100B0B666 /* Frameworks */ = {
			isa = PBXFrameworksBuildPhase;
			buildActionMask = 2147483647;
			files = (
			);
			runOnlyForDeploymentPostprocessing = 0;
		};
		B70A36182CB65CA100B0B666 /* Frameworks */ = {
			isa = PBXFrameworksBuildPhase;
			buildActionMask = 2147483647;
			files = (
			);
			runOnlyForDeploymentPostprocessing = 0;
		};
/* End PBXFrameworksBuildPhase section */

/* Begin PBXGroup section */
		B70A35F82CB65C9E00B0B666 = {
			isa = PBXGroup;
			children = (
				B70A36032CB65C9E00B0B666 /* LifeLink */,
				B70A36142CB65CA100B0B666 /* LifeLinkTests */,
				B70A361E2CB65CA100B0B666 /* LifeLinkUITests */,
				B70A36022CB65C9E00B0B666 /* Products */,
			);
			sourceTree = "<group>";
		};
		B70A36022CB65C9E00B0B666 /* Products */ = {
			isa = PBXGroup;
			children = (
				B70A36012CB65C9E00B0B666 /* LifeLink.app */,
				B70A36112CB65CA100B0B666 /* LifeLinkTests.xctest */,
				B70A361B2CB65CA100B0B666 /* LifeLinkUITests.xctest */,
			);
			name = Products;
			sourceTree = "<group>";
		};
/* End PBXGroup section */

/* Begin PBXNativeTarget section */
		B70A36002CB65C9E00B0B666 /* LifeLink */ = {
			isa = PBXNativeTarget;
			buildConfigurationList = B70A36252CB65CA100B0B666 /* Build configuration list for PBXNativeTarget "LifeLink" */;
			buildPhases = (
				B70A35FD2CB65C9E00B0B666 /* Sources */,
				B70A35FE2CB65C9E00B0B666 /* Frameworks */,
				B70A35FF2CB65C9E00B0B666 /* Resources */,
			);
			buildRules = (
			);
			dependencies = (
			);
			fileSystemSynchronizedGroups = (
				B70A36032CB65C9E00B0B666 /* LifeLink */,
			);
			name = LifeLink;
			packageProductDependencies = (
			);
			productName = LifeLink;
			productReference = B70A36012CB65C9E00B0B666 /* LifeLink.app */;
			productType = "com.apple.product-type.application";
		};
		B70A36102CB65CA100B0B666 /* LifeLinkTests */ = {
			isa = PBXNativeTarget;
			buildConfigurationList = B70A36282CB65CA100B0B666 /* Build configuration list for PBXNativeTarget "LifeLinkTests" */;
			buildPhases = (
				B70A360D2CB65CA100B0B666 /* Sources */,
				B70A360E2CB65CA100B0B666 /* Frameworks */,
				B70A360F2CB65CA100B0B666 /* Resources */,
			);
			buildRules = (
			);
			dependencies = (
				B70A36132CB65CA100B0B666 /* PBXTargetDependency */,
			);
			fileSystemSynchronizedGroups = (
				B70A36142CB65CA100B0B666 /* LifeLinkTests */,
			);
			name = LifeLinkTests;
			packageProductDependencies = (
			);
			productName = LifeLinkTests;
			productReference = B70A36112CB65CA100B0B666 /* LifeLinkTests.xctest */;
			productType = "com.apple.product-type.bundle.unit-test";
		};
		B70A361A2CB65CA100B0B666 /* LifeLinkUITests */ = {
			isa = PBXNativeTarget;
			buildConfigurationList = B70A362B2CB65CA100B0B666 /* Build configuration list for PBXNativeTarget "LifeLinkUITests" */;
			buildPhases = (
				B70A36172CB65CA100B0B666 /* Sources */,
				B70A36182CB65CA100B0B666 /* Frameworks */,
				B70A36192CB65CA100B0B666 /* Resources */,
			);
			buildRules = (
			);
			dependencies = (
				B70A361D2CB65CA100B0B666 /* PBXTargetDependency */,
			);
			fileSystemSynchronizedGroups = (
				B70A361E2CB65CA100B0B666 /* LifeLinkUITests */,
			);
			name = LifeLinkUITests;
			packageProductDependencies = (
			);
			productName = LifeLinkUITests;
			productReference = B70A361B2CB65CA100B0B666 /* LifeLinkUITests.xctest */;
			productType = "com.apple.product-type.bundle.ui-testing";
		};
/* End PBXNativeTarget section */

/* Begin PBXProject section */
		B70A35F92CB65C9E00B0B666 /* Project object */ = {
			isa = PBXProject;
			attributes = {
				BuildIndependentTargetsInParallel = 1;
				LastSwiftUpdateCheck = 1600;
				LastUpgradeCheck = 1600;
				TargetAttributes = {
					B70A36002CB65C9E00B0B666 = {
						CreatedOnToolsVersion = 16.0;
					};
					B70A36102CB65CA100B0B666 = {
						CreatedOnToolsVersion = 16.0;
						TestTargetID = B70A36002CB65C9E00B0B666;
					};
					B70A361A2CB65CA100B0B666 = {
						CreatedOnToolsVersion = 16.0;
						TestTargetID = B70A36002CB65C9E00B0B666;
					};
				};
			};
			buildConfigurationList = B70A35FC2CB65C9E00B0B666 /* Build configuration list for PBXProject "LifeLink" */;
			developmentRegion = en;
			hasScannedForEncodings = 0;
			knownRegions = (
				en,
				Base,
			);
			mainGroup = B70A35F82CB65C9E00B0B666;
			minimizedProjectReferenceProxies = 1;
			preferredProjectObjectVersion = 77;
			productRefGroup = B70A36022CB65C9E00B0B666 /* Products */;
			projectDirPath = "";
			projectRoot = "";
			targets = (
				B70A36002CB65C9E00B0B666 /* LifeLink */,
				B70A36102CB65CA100B0B666 /* LifeLinkTests */,
				B70A361A2CB65CA100B0B666 /* LifeLinkUITests */,
			);
		};
/* End PBXProject section */

/* Begin PBXResourcesBuildPhase section */
		B70A35FF2CB65C9E00B0B666 /* Resources */ = {
			isa = PBXResourcesBuildPhase;
			buildActionMask = 2147483647;
			files = (
			);
			runOnlyForDeploymentPostprocessing = 0;
		};
		B70A360F2CB65CA100B0B666 /* Resources */ = {
			isa = PBXResourcesBuildPhase;
			buildActionMask = 2147483647;
			files = (
			);
			runOnlyForDeploymentPostprocessing = 0;
		};
		B70A36192CB65CA100B0B666 /* Resources */ = {
			isa = PBXResourcesBuildPhase;
			buildActionMask = 2147483647;
			files = (
			);
			runOnlyForDeploymentPostprocessing = 0;
		};
/* End PBXResourcesBuildPhase section */

/* Begin PBXSourcesBuildPhase section */
		B70A35FD2CB65C9E00B0B666 /* Sources */ = {
			isa = PBXSourcesBuildPhase;
			buildActionMask = 2147483647;
			files = (
			);
			runOnlyForDeploymentPostprocessing = 0;
		};
		B70A360D2CB65CA100B0B666 /* Sources */ = {
			isa = PBXSourcesBuildPhase;
			buildActionMask = 2147483647;
			files = (
			);
			runOnlyForDeploymentPostprocessing = 0;
		};
		B70A36172CB65CA100B0B666 /* Sources */ = {
			isa = PBXSourcesBuildPhase;
			buildActionMask = 2147483647;
			files = (
			);
			runOnlyForDeploymentPostprocessing = 0;
		};
/* End PBXSourcesBuildPhase section */

/* Begin PBXTargetDependency section */
		B70A36132CB65CA100B0B666 /* PBXTargetDependency */ = {
			isa = PBXTargetDependency;
			target = B70A36002CB65C9E00B0B666 /* LifeLink */;
			targetProxy = B70A36122CB65CA100B0B666 /* PBXContainerItemProxy */;
		};
		B70A361D2CB65CA100B0B666 /* PBXTargetDependency */ = {
			isa = PBXTargetDependency;
			target = B70A36002CB65C9E00B0B666 /* LifeLink */;
			targetProxy = B70A361C2CB65CA100B0B666 /* PBXContainerItemProxy */;
		};
/* End PBXTargetDependency section */

/* Begin XCBuildConfiguration section */
		B70A36232CB65CA100B0B666 /* Debug */ = {
			isa = XCBuildConfiguration;
			buildSettings = {
				ALWAYS_SEARCH_USER_PATHS = NO;
				ASSETCATALOG_COMPILER_GENERATE_SWIFT_ASSET_SYMBOL_EXTENSIONS = YES;
				CLANG_ANALYZER_NONNULL = YES;
				CLANG_ANALYZER_NUMBER_OBJECT_CONVERSION = YES_AGGRESSIVE;
				CLANG_CXX_LANGUAGE_STANDARD = "gnu++20";
				CLANG_ENABLE_MODULES = YES;
				CLANG_ENABLE_OBJC_ARC = YES;
				CLANG_ENABLE_OBJC_WEAK = YES;
				CLANG_WARN_BLOCK_CAPTURE_AUTORELEASING = YES;
				CLANG_WARN_BOOL_CONVERSION = YES;
				CLANG_WARN_COMMA = YES;
				CLANG_WARN_CONSTANT_CONVERSION = YES;
				CLANG_WARN_DEPRECATED_OBJC_IMPLEMENTATIONS = YES;
				CLANG_WARN_DIRECT_OBJC_ISA_USAGE = YES_ERROR;
				CLANG_WARN_DOCUMENTATION_COMMENTS = YES;
				CLANG_WARN_EMPTY_BODY = YES;
				CLANG_WARN_ENUM_CONVERSION = YES;
				CLANG_WARN_INFINITE_RECURSION = YES;
				CLANG_WARN_INT_CONVERSION = YES;
				CLANG_WARN_NON_LITERAL_NULL_CONVERSION = YES;
				CLANG_WARN_OBJC_IMPLICIT_RETAIN_SELF = YES;
				CLANG_WARN_OBJC_LITERAL_CONVERSION = YES;
				CLANG_WARN_OBJC_ROOT_CLASS = YES_ERROR;
				CLANG_WARN_QUOTED_INCLUDE_IN_FRAMEWORK_HEADER = YES;
				CLANG_WARN_RANGE_LOOP_ANALYSIS = YES;
				CLANG_WARN_STRICT_PROTOTYPES = YES;
				CLANG_WARN_SUSPICIOUS_MOVE = YES;
				CLANG_WARN_UNGUARDED_AVAILABILITY = YES_AGGRESSIVE;
				CLANG_WARN_UNREACHABLE_CODE = YES;
				CLANG_WARN__DUPLICATE_METHOD_MATCH = YES;
				COPY_PHASE_STRIP = NO;
				DEBUG_INFORMATION_FORMAT = dwarf;
				ENABLE_STRICT_OBJC_MSGSEND = YES;
				ENABLE_TESTABILITY = YES;
				ENABLE_USER_SCRIPT_SANDBOXING = YES;
				GCC_C_LANGUAGE_STANDARD = gnu17;
				GCC_DYNAMIC_NO_PIC = NO;
				GCC_NO_COMMON_BLOCKS = YES;
				GCC_OPTIMIZATION_LEVEL = 0;
				GCC_PREPROCESSOR_DEFINITIONS = (
					"DEBUG=1",
					"$(inherited)",
				);
				GCC_WARN_64_TO_32_BIT_CONVERSION = YES;
				GCC_WARN_ABOUT_RETURN_TYPE = YES_ERROR;
				GCC_WARN_UNDECLARED_SELECTOR = YES;
				GCC_WARN_UNINITIALIZED_AUTOS = YES_AGGRESSIVE;
				GCC_WARN_UNUSED_FUNCTION = YES;
				GCC_WARN_UNUSED_VARIABLE = YES;
				IPHONEOS_DEPLOYMENT_TARGET = 18.0;
				LOCALIZATION_PREFERS_STRING_CATALOGS = YES;
				MTL_ENABLE_DEBUG_INFO = INCLUDE_SOURCE;
				MTL_FAST_MATH = YES;
				ONLY_ACTIVE_ARCH = YES;
				SDKROOT = iphoneos;
				SWIFT_ACTIVE_COMPILATION_CONDITIONS = "DEBUG $(inherited)";
				SWIFT_OPTIMIZATION_LEVEL = "-Onone";
			};
			name = Debug;
		};
		B70A36242CB65CA100B0B666 /* Release */ = {
			isa = XCBuildConfiguration;
			buildSettings = {
				ALWAYS_SEARCH_USER_PATHS = NO;
				ASSETCATALOG_COMPILER_GENERATE_SWIFT_ASSET_SYMBOL_EXTENSIONS = YES;
				CLANG_ANALYZER_NONNULL = YES;
				CLANG_ANALYZER_NUMBER_OBJECT_CONVERSION = YES_AGGRESSIVE;
				CLANG_CXX_LANGUAGE_STANDARD = "gnu++20";
				CLANG_ENABLE_MODULES = YES;
				CLANG_ENABLE_OBJC_ARC = YES;
				CLANG_ENABLE_OBJC_WEAK = YES;
				CLANG_WARN_BLOCK_CAPTURE_AUTORELEASING = YES;
				CLANG_WARN_BOOL_CONVERSION = YES;
				CLANG_WARN_COMMA = YES;
				CLANG_WARN_CONSTANT_CONVERSION = YES;
				CLANG_WARN_DEPRECATED_OBJC_IMPLEMENTATIONS = YES;
				CLANG_WARN_DIRECT_OBJC_ISA_USAGE = YES_ERROR;
				CLANG_WARN_DOCUMENTATION_COMMENTS = YES;
				CLANG_WARN_EMPTY_BODY = YES;
				CLANG_WARN_ENUM_CONVERSION = YES;
				CLANG_WARN_INFINITE_RECURSION = YES;
				CLANG_WARN_INT_CONVERSION = YES;
				CLANG_WARN_NON_LITERAL_NULL_CONVERSION = YES;
				CLANG_WARN_OBJC_IMPLICIT_RETAIN_SELF = YES;
				CLANG_WARN_OBJC_LITERAL_CONVERSION = YES;
				CLANG_WARN_OBJC_ROOT_CLASS = YES_ERROR;
				CLANG_WARN_QUOTED_INCLUDE_IN_FRAMEWORK_HEADER = YES;
				CLANG_WARN_RANGE_LOOP_ANALYSIS = YES;
				CLANG_WARN_STRICT_PROTOTYPES = YES;
				CLANG_WARN_SUSPICIOUS_MOVE = YES;
				CLANG_WARN_UNGUARDED_AVAILABILITY = YES_AGGRESSIVE;
				CLANG_WARN_UNREACHABLE_CODE = YES;
				CLANG_WARN__DUPLICATE_METHOD_MATCH = YES;
				COPY_PHASE_STRIP = NO;
				DEBUG_INFORMATION_FORMAT = "dwarf-with-dsym";
				ENABLE_NS_ASSERTIONS = NO;
				ENABLE_STRICT_OBJC_MSGSEND = YES;
				ENABLE_USER_SCRIPT_SANDBOXING = YES;
				GCC_C_LANGUAGE_STANDARD = gnu17;
				GCC_NO_COMMON_BLOCKS = YES;
				GCC_WARN_64_TO_32_BIT_CONVERSION = YES;
				GCC_WARN_ABOUT_RETURN_TYPE = YES_ERROR;
				GCC_WARN_UNDECLARED_SELECTOR = YES;
				GCC_WARN_UNINITIALIZED_AUTOS = YES_AGGRESSIVE;
				GCC_WARN_UNUSED_FUNCTION = YES;
				GCC_WARN_UNUSED_VARIABLE = YES;
				IPHONEOS_DEPLOYMENT_TARGET = 18.0;
				LOCALIZATION_PREFERS_STRING_CATALOGS = YES;
				MTL_ENABLE_DEBUG_INFO = NO;
				MTL_FAST_MATH = YES;
				SDKROOT = iphoneos;
				SWIFT_COMPILATION_MODE = wholemodule;
				VALIDATE_PRODUCT = YES;
			};
			name = Release;
		};
		B70A36262CB65CA100B0B666 /* Debug */ = {
			isa = XCBuildConfiguration;
			buildSettings = {
				ASSETCATALOG_COMPILER_APPICON_NAME = AppIcon;
				ASSETCATALOG_COMPILER_GLOBAL_ACCENT_COLOR_NAME = AccentColor;
				CODE_SIGN_STYLE = Automatic;
				CURRENT_PROJECT_VERSION = 1;
				DEVELOPMENT_ASSET_PATHS = "\"LifeLink/Preview Content\"";
				ENABLE_PREVIEWS = YES;
				GENERATE_INFOPLIST_FILE = YES;
				INFOPLIST_KEY_UIApplicationSceneManifest_Generation = YES;
				INFOPLIST_KEY_UIApplicationSupportsIndirectInputEvents = YES;
				INFOPLIST_KEY_UILaunchScreen_Generation = YES;
				INFOPLIST_KEY_UISupportedInterfaceOrientations_iPad = "UIInterfaceOrientationPortrait UIInterfaceOrientationPortraitUpsideDown UIInterfaceOrientationLandscapeLeft UIInterfaceOrientationLandscapeRight";
				INFOPLIST_KEY_UISupportedInterfaceOrientations_iPhone = "UIInterfaceOrientationPortrait UIInterfaceOrientationLandscapeLeft UIInterfaceOrientationLandscapeRight";
				LD_RUNPATH_SEARCH_PATHS = (
					"$(inherited)",
					"@executable_path/Frameworks",
				);
				MARKETING_VERSION = 1.0;
				PRODUCT_BUNDLE_IDENTIFIER = Shimura.LifeLink;
				PRODUCT_NAME = "$(TARGET_NAME)";
				SWIFT_EMIT_LOC_STRINGS = YES;
				SWIFT_VERSION = 5.0;
				TARGETED_DEVICE_FAMILY = "1,2";
			};
			name = Debug;
		};
		B70A36272CB65CA100B0B666 /* Release */ = {
			isa = XCBuildConfiguration;
			buildSettings = {
				ASSETCATALOG_COMPILER_APPICON_NAME = AppIcon;
				ASSETCATALOG_COMPILER_GLOBAL_ACCENT_COLOR_NAME = AccentColor;
				CODE_SIGN_STYLE = Automatic;
				CURRENT_PROJECT_VERSION = 1;
				DEVELOPMENT_ASSET_PATHS = "\"LifeLink/Preview Content\"";
				ENABLE_PREVIEWS = YES;
				GENERATE_INFOPLIST_FILE = YES;
				INFOPLIST_KEY_UIApplicationSceneManifest_Generation = YES;
				INFOPLIST_KEY_UIApplicationSupportsIndirectInputEvents = YES;
				INFOPLIST_KEY_UILaunchScreen_Generation = YES;
				INFOPLIST_KEY_UISupportedInterfaceOrientations_iPad = "UIInterfaceOrientationPortrait UIInterfaceOrientationPortraitUpsideDown UIInterfaceOrientationLandscapeLeft UIInterfaceOrientationLandscapeRight";
				INFOPLIST_KEY_UISupportedInterfaceOrientations_iPhone = "UIInterfaceOrientationPortrait UIInterfaceOrientationLandscapeLeft UIInterfaceOrientationLandscapeRight";
				LD_RUNPATH_SEARCH_PATHS = (
					"$(inherited)",
					"@executable_path/Frameworks",
				);
				MARKETING_VERSION = 1.0;
				PRODUCT_BUNDLE_IDENTIFIER = Shimura.LifeLink;
				PRODUCT_NAME = "$(TARGET_NAME)";
				SWIFT_EMIT_LOC_STRINGS = YES;
				SWIFT_VERSION = 5.0;
				TARGETED_DEVICE_FAMILY = "1,2";
			};
			name = Release;
		};
		B70A36292CB65CA100B0B666 /* Debug */ = {
			isa = XCBuildConfiguration;
			buildSettings = {
				BUNDLE_LOADER = "$(TEST_HOST)";
				CODE_SIGN_STYLE = Automatic;
				CURRENT_PROJECT_VERSION = 1;
				GENERATE_INFOPLIST_FILE = YES;
				IPHONEOS_DEPLOYMENT_TARGET = 18.0;
				MARKETING_VERSION = 1.0;
				PRODUCT_BUNDLE_IDENTIFIER = Shimura.LifeLinkTests;
				PRODUCT_NAME = "$(TARGET_NAME)";
				SWIFT_EMIT_LOC_STRINGS = NO;
				SWIFT_VERSION = 5.0;
				TARGETED_DEVICE_FAMILY = "1,2";
				TEST_HOST = "$(BUILT_PRODUCTS_DIR)/LifeLink.app/$(BUNDLE_EXECUTABLE_FOLDER_PATH)/LifeLink";
			};
			name = Debug;
		};
		B70A362A2CB65CA100B0B666 /* Release */ = {
			isa = XCBuildConfiguration;
			buildSettings = {
				BUNDLE_LOADER = "$(TEST_HOST)";
				CODE_SIGN_STYLE = Automatic;
				CURRENT_PROJECT_VERSION = 1;
				GENERATE_INFOPLIST_FILE = YES;
				IPHONEOS_DEPLOYMENT_TARGET = 18.0;
				MARKETING_VERSION = 1.0;
				PRODUCT_BUNDLE_IDENTIFIER = Shimura.LifeLinkTests;
				PRODUCT_NAME = "$(TARGET_NAME)";
				SWIFT_EMIT_LOC_STRINGS = NO;
				SWIFT_VERSION = 5.0;
				TARGETED_DEVICE_FAMILY = "1,2";
				TEST_HOST = "$(BUILT_PRODUCTS_DIR)/LifeLink.app/$(BUNDLE_EXECUTABLE_FOLDER_PATH)/LifeLink";
			};
			name = Release;
		};
		B70A362C2CB65CA100B0B666 /* Debug */ = {
			isa = XCBuildConfiguration;
			buildSettings = {
				CODE_SIGN_STYLE = Automatic;
				CURRENT_PROJECT_VERSION = 1;
				GENERATE_INFOPLIST_FILE = YES;
				MARKETING_VERSION = 1.0;
				PRODUCT_BUNDLE_IDENTIFIER = Shimura.LifeLinkUITests;
				PRODUCT_NAME = "$(TARGET_NAME)";
				SWIFT_EMIT_LOC_STRINGS = NO;
				SWIFT_VERSION = 5.0;
				TARGETED_DEVICE_FAMILY = "1,2";
				TEST_TARGET_NAME = LifeLink;
			};
			name = Debug;
		};
		B70A362D2CB65CA100B0B666 /* Release */ = {
			isa = XCBuildConfiguration;
			buildSettings = {
				CODE_SIGN_STYLE = Automatic;
				CURRENT_PROJECT_VERSION = 1;
				GENERATE_INFOPLIST_FILE = YES;
				MARKETING_VERSION = 1.0;
				PRODUCT_BUNDLE_IDENTIFIER = Shimura.LifeLinkUITests;
				PRODUCT_NAME = "$(TARGET_NAME)";
				SWIFT_EMIT_LOC_STRINGS = NO;
				SWIFT_VERSION = 5.0;
				TARGETED_DEVICE_FAMILY = "1,2";
				TEST_TARGET_NAME = LifeLink;
			};
			name = Release;
		};
/* End XCBuildConfiguration section */

/* Begin XCConfigurationList section */
		B70A35FC2CB65C9E00B0B666 /* Build configuration list for PBXProject "LifeLink" */ = {
			isa = XCConfigurationList;
			buildConfigurations = (
				B70A36232CB65CA100B0B666 /* Debug */,
				B70A36242CB65CA100B0B666 /* Release */,
			);
			defaultConfigurationIsVisible = 0;
			defaultConfigurationName = Release;
		};
		B70A36252CB65CA100B0B666 /* Build configuration list for PBXNativeTarget "LifeLink" */ = {
			isa = XCConfigurationList;
			buildConfigurations = (
				B70A36262CB65CA100B0B666 /* Debug */,
				B70A36272CB65CA100B0B666 /* Release */,
			);
			defaultConfigurationIsVisible = 0;
			defaultConfigurationName = Release;
		};
		B70A36282CB65CA100B0B666 /* Build configuration list for PBXNativeTarget "LifeLinkTests" */ = {
			isa = XCConfigurationList;
			buildConfigurations = (
				B70A36292CB65CA100B0B666 /* Debug */,
				B70A362A2CB65CA100B0B666 /* Release */,
			);
			defaultConfigurationIsVisible = 0;
			defaultConfigurationName = Release;
		};
		B70A362B2CB65CA100B0B666 /* Build configuration list for PBXNativeTarget "LifeLinkUITests" */ = {
			isa = XCConfigurationList;
			buildConfigurations = (
				B70A362C2CB65CA100B0B666 /* Debug */,
				B70A362D2CB65CA100B0B666 /* Release */,
			);
			defaultConfigurationIsVisible = 0;
			defaultConfigurationName = Release;
		};
/* End XCConfigurationList section */
	};
	rootObject = B70A35F92CB65C9E00B0B666 /* Project object */;
}
